
Microsoft Visual Studio Solution File, Format Version 12.00
# Visual Studio Version 16
VisualStudioVersion = 16.0.31112.23
MinimumVisualStudioVersion = 10.0.40219.1
Project("{FAE04EC0-301F-11D3-BF4B-00C04F79EFBC}") = "QuanLyHoaDon", "QuanLyHoaDon\QuanLyHoaDon.csproj", "{2212744C-4B57-4AEB-8422-3F7B3E1850A8}"
EndProject
Global
	GlobalSection(SolutionConfigurationPlatforms) = preSolution
		Debug|Any CPU = Debug|Any CPU
		Release|Any CPU = Release|Any CPU
	EndGlobalSection
	GlobalSection(ProjectConfigurationPlatforms) = postSolution
		{2212744C-4B57-4AEB-8422-3F7B3E1850A8}.Debug|Any CPU.ActiveCfg = Debug|Any CPU
		{2212744C-4B57-4AEB-8422-3F7B3E1850A8}.Debug|Any CPU.Build.0 = Debug|Any CPU
		{2212744C-4B57-4AEB-8422-3F7B3E1850A8}.Release|Any CPU.ActiveCfg = Release|Any CPU
		{2212744C-4B57-4AEB-8422-3F7B3E1850A8}.Release|Any CPU.Build.0 = Release|Any CPU
	EndGlobalSection
	GlobalSection(SolutionProperties) = preSolution
		HideSolutionNode = FALSE
	EndGlobalSection
	GlobalSection(ExtensibilityGlobals) = postSolution
		SolutionGuid = {3A8B1D84-0E47-45F7-A89D-4F2AF9BBAEB8}
	EndGlobalSection
EndGlobal
